
Microsoft Visual Studio Solution File, Format Version 12.00
# Visual Studio Version 17
VisualStudioVersion = 17.11.35312.102
MinimumVisualStudioVersion = 10.0.40219.1
Project("{FAE04EC0-301F-11D3-BF4B-00C04F79EFBC}") = "OOP_Accounting", "OOP_Accounting.csproj", "{659C2CFF-0095-4787-AA1E-60082CD132B9}"
EndProject
Global
	GlobalSection(SolutionConfigurationPlatforms) = preSolution
		Debug|Any CPU = Debug|Any CPU
		Release|Any CPU = Release|Any CPU
	EndGlobalSection
	GlobalSection(ProjectConfigurationPlatforms) = postSolution
		{659C2CFF-0095-4787-AA1E-60082CD132B9}.Debug|Any CPU.ActiveCfg = Debug|Any CPU
		{659C2CFF-0095-4787-AA1E-60082CD132B9}.Debug|Any CPU.Build.0 = Debug|Any CPU
		{659C2CFF-0095-4787-AA1E-60082CD132B9}.Release|Any CPU.ActiveCfg = Release|Any CPU
		{659C2CFF-0095-4787-AA1E-60082CD132B9}.Release|Any CPU.Build.0 = Release|Any CPU
	EndGlobalSection
	GlobalSection(SolutionProperties) = preSolution
		HideSolutionNode = FALSE
	EndGlobalSection
	GlobalSection(ExtensibilityGlobals) = postSolution
		SolutionGuid = {087DE407-45A6-4CF5-BB75-356105C6F3F3}
	EndGlobalSection
EndGlobal
